
Microsoft Visual Studio Solution File, Format Version 12.00
# Visual Studio 14
VisualStudioVersion = 14.0.25420.1
MinimumVisualStudioVersion = 10.0.40219.1
Project("{FAE04EC0-301F-11D3-BF4B-00C04F79EFBC}") = "RabbitMQClient", "Messaging\RabbitMQClient.csproj", "{B628E115-B0C2-484A-B2E8-D163835292FC}"
EndProject
Project("{FAE04EC0-301F-11D3-BF4B-00C04F79EFBC}") = "MassTransitClient", "MassTransitClient\MassTransitClient.csproj", "{7C372497-AB8F-4460-A802-4630D687B49B}"
EndProject
Project("{FAE04EC0-301F-11D3-BF4B-00C04F79EFBC}") = "Contracts", "Contracts\Contracts.csproj", "{C98115BD-09CA-4CC7-9235-BACADC7899D6}"
EndProject
Global
	GlobalSection(SolutionConfigurationPlatforms) = preSolution
		Debug|Any CPU = Debug|Any CPU
		Release|Any CPU = Release|Any CPU
	EndGlobalSection
	GlobalSection(ProjectConfigurationPlatforms) = postSolution
		{B628E115-B0C2-484A-B2E8-D163835292FC}.Debug|Any CPU.ActiveCfg = Debug|Any CPU
		{B628E115-B0C2-484A-B2E8-D163835292FC}.Debug|Any CPU.Build.0 = Debug|Any CPU
		{B628E115-B0C2-484A-B2E8-D163835292FC}.Release|Any CPU.ActiveCfg = Release|Any CPU
		{B628E115-B0C2-484A-B2E8-D163835292FC}.Release|Any CPU.Build.0 = Release|Any CPU
		{7C372497-AB8F-4460-A802-4630D687B49B}.Debug|Any CPU.ActiveCfg = Debug|Any CPU
		{7C372497-AB8F-4460-A802-4630D687B49B}.Debug|Any CPU.Build.0 = Debug|Any CPU
		{7C372497-AB8F-4460-A802-4630D687B49B}.Release|Any CPU.ActiveCfg = Release|Any CPU
		{7C372497-AB8F-4460-A802-4630D687B49B}.Release|Any CPU.Build.0 = Release|Any CPU
		{C98115BD-09CA-4CC7-9235-BACADC7899D6}.Debug|Any CPU.ActiveCfg = Debug|Any CPU
		{C98115BD-09CA-4CC7-9235-BACADC7899D6}.Debug|Any CPU.Build.0 = Debug|Any CPU
		{C98115BD-09CA-4CC7-9235-BACADC7899D6}.Release|Any CPU.ActiveCfg = Release|Any CPU
		{C98115BD-09CA-4CC7-9235-BACADC7899D6}.Release|Any CPU.Build.0 = Release|Any CPU
	EndGlobalSection
	GlobalSection(SolutionProperties) = preSolution
		HideSolutionNode = FALSE
	EndGlobalSection
EndGlobal
